// !$*UTF8*$!
{
	archiveVersion = 1;
	classes = {
	};
	objectVersion = 50;
	objects = {

/* Begin PBXBuildFile section */
		BC1066A526B114B100AF6E72 /* regionData.swift in Sources */ = {isa = PBXBuildFile; fileRef = BC10669A26B114B000AF6E72 /* regionData.swift */; };
		BC1066A626B114B100AF6E72 /* extensionFile.swift in Sources */ = {isa = PBXBuildFile; fileRef = BC10669B26B114B000AF6E72 /* extensionFile.swift */; };
		BC1066A726B114B100AF6E72 /* regionViewController.swift in Sources */ = {isa = PBXBuildFile; fileRef = BC10669C26B114B000AF6E72 /* regionViewController.swift */; };
		BC1066A826B114B100AF6E72 /* mapkitViewController.swift in Sources */ = {isa = PBXBuildFile; fileRef = BC10669D26B114B000AF6E72 /* mapkitViewController.swift */; };
		BC1066A926B114B100AF6E72 /* searchBarData.swift in Sources */ = {isa = PBXBuildFile; fileRef = BC10669E26B114B000AF6E72 /* searchBarData.swift */; };
		BC1066AA26B114B100AF6E72 /* regionCell.swift in Sources */ = {isa = PBXBuildFile; fileRef = BC10669F26B114B000AF6E72 /* regionCell.swift */; };
		BC1066AB26B114B100AF6E72 /* searchBarViewController.swift in Sources */ = {isa = PBXBuildFile; fileRef = BC1066A026B114B100AF6E72 /* searchBarViewController.swift */; };
		BC1066AC26B114B100AF6E72 /* searchCell.swift in Sources */ = {isa = PBXBuildFile; fileRef = BC1066A126B114B100AF6E72 /* searchCell.swift */; };
		BC1066AD26B114B100AF6E72 /* selectRegionVC.swift in Sources */ = {isa = PBXBuildFile; fileRef = BC1066A226B114B100AF6E72 /* selectRegionVC.swift */; };
		BC1066AE26B114B100AF6E72 /* regionTableCell.swift in Sources */ = {isa = PBXBuildFile; fileRef = BC1066A326B114B100AF6E72 /* regionTableCell.swift */; };
		BC1066AF26B114B100AF6E72 /* colorSet.swift in Sources */ = {isa = PBXBuildFile; fileRef = BC1066A426B114B100AF6E72 /* colorSet.swift */; };
		BC7A6585265F202900C22E1C /* AppDelegate.swift in Sources */ = {isa = PBXBuildFile; fileRef = BC7A6584265F202900C22E1C /* AppDelegate.swift */; };
		BC7A6589265F202900C22E1C /* ViewController.swift in Sources */ = {isa = PBXBuildFile; fileRef = BC7A6588265F202900C22E1C /* ViewController.swift */; };
		BC7A658C265F202900C22E1C /* Main.storyboard in Resources */ = {isa = PBXBuildFile; fileRef = BC7A658A265F202900C22E1C /* Main.storyboard */; };
		BC7A658F265F202900C22E1C /* santaProject.xcdatamodeld in Sources */ = {isa = PBXBuildFile; fileRef = BC7A658D265F202900C22E1C /* santaProject.xcdatamodeld */; };
		BC7A6591265F202900C22E1C /* Assets.xcassets in Resources */ = {isa = PBXBuildFile; fileRef = BC7A6590265F202900C22E1C /* Assets.xcassets */; };
		BC7A6594265F202900C22E1C /* LaunchScreen.storyboard in Resources */ = {isa = PBXBuildFile; fileRef = BC7A6592265F202900C22E1C /* LaunchScreen.storyboard */; };
		CE0E1910266260C1003916E3 /* RootTabBarController.swift in Sources */ = {isa = PBXBuildFile; fileRef = CE0E190F266260C1003916E3 /* RootTabBarController.swift */; };
		CE0E191426626434003916E3 /* HomeViewController.swift in Sources */ = {isa = PBXBuildFile; fileRef = CE0E191326626434003916E3 /* HomeViewController.swift */; };
		CE0E1928266B3D49003916E3 /* MyListViewController.swift in Sources */ = {isa = PBXBuildFile; fileRef = CE0E1927266B3D49003916E3 /* MyListViewController.swift */; };
		CE0E192F266B9248003916E3 /* MyListHeaderView.swift in Sources */ = {isa = PBXBuildFile; fileRef = CE0E192E266B9248003916E3 /* MyListHeaderView.swift */; };
		CE0E193C266BE103003916E3 /* MyListTableViewCell.swift in Sources */ = {isa = PBXBuildFile; fileRef = CE0E193B266BE103003916E3 /* MyListTableViewCell.swift */; };
		CE0E193F266BF4CE003916E3 /* UIColor+Extension.swift in Sources */ = {isa = PBXBuildFile; fileRef = CE0E193E266BF4CE003916E3 /* UIColor+Extension.swift */; };
		CE0E19462675D75C003916E3 /* MyListCollectionViewCell.swift in Sources */ = {isa = PBXBuildFile; fileRef = CE0E19452675D75C003916E3 /* MyListCollectionViewCell.swift */; };
		CE5DE71F2686DDCE009FA3E8 /* RegionTagView.swift in Sources */ = {isa = PBXBuildFile; fileRef = CE5DE71E2686DDCE009FA3E8 /* RegionTagView.swift */; };
		CE5DE7212686F7E1009FA3E8 /* MountainInfoBookmarkView.swift in Sources */ = {isa = PBXBuildFile; fileRef = CE5DE7202686F7E1009FA3E8 /* MountainInfoBookmarkView.swift */; };
		CE5DE72326870ACC009FA3E8 /* VisitedFlagView.swift in Sources */ = {isa = PBXBuildFile; fileRef = CE5DE72226870ACC009FA3E8 /* VisitedFlagView.swift */; };
		CE5DE72526871350009FA3E8 /* MountainInfoHistoryView.swift in Sources */ = {isa = PBXBuildFile; fileRef = CE5DE72426871350009FA3E8 /* MountainInfoHistoryView.swift */; };
		CE880A12268888720034B0A5 /* MountainNameView.swift in Sources */ = {isa = PBXBuildFile; fileRef = CE880A11268888720034B0A5 /* MountainNameView.swift */; };
		CE880A1726994A6C0034B0A5 /* AddHistoryViewController.swift in Sources */ = {isa = PBXBuildFile; fileRef = CE880A1626994A6C0034B0A5 /* AddHistoryViewController.swift */; };
		CE880A1926994CAD0034B0A5 /* AddHistoryButton.swift in Sources */ = {isa = PBXBuildFile; fileRef = CE880A1826994CAD0034B0A5 /* AddHistoryButton.swift */; };
		CE880A1B26995EFB0034B0A5 /* AddHistoryView.swift in Sources */ = {isa = PBXBuildFile; fileRef = CE880A1A26995EFB0034B0A5 /* AddHistoryView.swift */; };
		CE880A1D269AD36C0034B0A5 /* MyListTableViewModel.swift in Sources */ = {isa = PBXBuildFile; fileRef = CE880A1C269AD36C0034B0A5 /* MyListTableViewModel.swift */; };
		CE880A21269AE37E0034B0A5 /* MyListTableViewCellModel.swift in Sources */ = {isa = PBXBuildFile; fileRef = CE880A20269AE37E0034B0A5 /* MyListTableViewCellModel.swift */; };
		CE880A2326A099C30034B0A5 /* DatePickerViewController.swift in Sources */ = {isa = PBXBuildFile; fileRef = CE880A2226A099C30034B0A5 /* DatePickerViewController.swift */; };
		CE880A2526A0A02B0034B0A5 /* DatePickerView.swift in Sources */ = {isa = PBXBuildFile; fileRef = CE880A2426A0A02B0034B0A5 /* DatePickerView.swift */; };
		CE880A2726A1E85E0034B0A5 /* MountainPickerViewController.swift in Sources */ = {isa = PBXBuildFile; fileRef = CE880A2626A1E85E0034B0A5 /* MountainPickerViewController.swift */; };
		CE880A2926A1E86B0034B0A5 /* MountainPickerView.swift in Sources */ = {isa = PBXBuildFile; fileRef = CE880A2826A1E86B0034B0A5 /* MountainPickerView.swift */; };
		CECD577626AE9BF20091E66D /* HomeView.swift in Sources */ = {isa = PBXBuildFile; fileRef = CECD577526AE9BF20091E66D /* HomeView.swift */; };
		CECD577826AE9E020091E66D /* HomeViewModel.swift in Sources */ = {isa = PBXBuildFile; fileRef = CECD577726AE9E020091E66D /* HomeViewModel.swift */; };
		CECD578D26AF8EDB0091E66D /* HomeViewTableViewCell.swift in Sources */ = {isa = PBXBuildFile; fileRef = CECD578C26AF8EDB0091E66D /* HomeViewTableViewCell.swift */; };
		CED529E32680E559005E05A7 /* MountainInfoBaseView.swift in Sources */ = {isa = PBXBuildFile; fileRef = CED529E22680E559005E05A7 /* MountainInfoBaseView.swift */; };
		CEDC746726CA4F3F002EFC2C /* DetailViewController.swift in Sources */ = {isa = PBXBuildFile; fileRef = CEDC746626CA4F3F002EFC2C /* DetailViewController.swift */; };
		CEDC746926CA6040002EFC2C /* DetailViewModel.swift in Sources */ = {isa = PBXBuildFile; fileRef = CEDC746826CA6040002EFC2C /* DetailViewModel.swift */; };
		CEDC746B26CA628A002EFC2C /* DetailView.swift in Sources */ = {isa = PBXBuildFile; fileRef = CEDC746A26CA628A002EFC2C /* DetailView.swift */; };
		CEDC74882705F663002EFC2C /* DetailInfo.swift in Sources */ = {isa = PBXBuildFile; fileRef = CEDC74872705F663002EFC2C /* DetailInfo.swift */; };
		FE480AC62695DC71000A5D20 /* DBInterface.swift in Sources */ = {isa = PBXBuildFile; fileRef = FE480AC32695DC71000A5D20 /* DBInterface.swift */; };
		FE480AC72695DC71000A5D20 /* RegionInfo.swift in Sources */ = {isa = PBXBuildFile; fileRef = FE480AC42695DC71000A5D20 /* RegionInfo.swift */; };
		FE480AC82695DC71000A5D20 /* Mountain.swift in Sources */ = {isa = PBXBuildFile; fileRef = FE480AC52695DC71000A5D20 /* Mountain.swift */; };
		FE480ACE2695DC7C000A5D20 /* location2.json in Resources */ = {isa = PBXBuildFile; fileRef = FE480ACC2695DC7C000A5D20 /* location2.json */; };
		FE480AD32695DC94000A5D20 /* MapViewController.swift in Sources */ = {isa = PBXBuildFile; fileRef = FE480AD12695DC94000A5D20 /* MapViewController.swift */; };
		FE480AD42695DC94000A5D20 /* MountainView.swift in Sources */ = {isa = PBXBuildFile; fileRef = FE480AD22695DC94000A5D20 /* MountainView.swift */; };
		FE480AD82695DC9B000A5D20 /* Date+Extension.swift in Sources */ = {isa = PBXBuildFile; fileRef = FE480AD72695DC9B000A5D20 /* Date+Extension.swift */; };
		FE977A5226AEF9CA007980B9 /* Santa.db in Resources */ = {isa = PBXBuildFile; fileRef = FE977A5126AEF9CA007980B9 /* Santa.db */; };
/* End PBXBuildFile section */

/* Begin PBXFileReference section */
		BC10669A26B114B000AF6E72 /* regionData.swift */ = {isa = PBXFileReference; fileEncoding = 4; lastKnownFileType = sourcecode.swift; path = regionData.swift; sourceTree = "<group>"; };
		BC10669B26B114B000AF6E72 /* extensionFile.swift */ = {isa = PBXFileReference; fileEncoding = 4; lastKnownFileType = sourcecode.swift; path = extensionFile.swift; sourceTree = "<group>"; };
		BC10669C26B114B000AF6E72 /* regionViewController.swift */ = {isa = PBXFileReference; fileEncoding = 4; lastKnownFileType = sourcecode.swift; path = regionViewController.swift; sourceTree = "<group>"; };
		BC10669D26B114B000AF6E72 /* mapkitViewController.swift */ = {isa = PBXFileReference; fileEncoding = 4; lastKnownFileType = sourcecode.swift; path = mapkitViewController.swift; sourceTree = "<group>"; };
		BC10669E26B114B000AF6E72 /* searchBarData.swift */ = {isa = PBXFileReference; fileEncoding = 4; lastKnownFileType = sourcecode.swift; path = searchBarData.swift; sourceTree = "<group>"; };
		BC10669F26B114B000AF6E72 /* regionCell.swift */ = {isa = PBXFileReference; fileEncoding = 4; lastKnownFileType = sourcecode.swift; path = regionCell.swift; sourceTree = "<group>"; };
		BC1066A026B114B100AF6E72 /* searchBarViewController.swift */ = {isa = PBXFileReference; fileEncoding = 4; lastKnownFileType = sourcecode.swift; path = searchBarViewController.swift; sourceTree = "<group>"; };
		BC1066A126B114B100AF6E72 /* searchCell.swift */ = {isa = PBXFileReference; fileEncoding = 4; lastKnownFileType = sourcecode.swift; path = searchCell.swift; sourceTree = "<group>"; };
		BC1066A226B114B100AF6E72 /* selectRegionVC.swift */ = {isa = PBXFileReference; fileEncoding = 4; lastKnownFileType = sourcecode.swift; path = selectRegionVC.swift; sourceTree = "<group>"; };
		BC1066A326B114B100AF6E72 /* regionTableCell.swift */ = {isa = PBXFileReference; fileEncoding = 4; lastKnownFileType = sourcecode.swift; path = regionTableCell.swift; sourceTree = "<group>"; };
		BC1066A426B114B100AF6E72 /* colorSet.swift */ = {isa = PBXFileReference; fileEncoding = 4; lastKnownFileType = sourcecode.swift; path = colorSet.swift; sourceTree = "<group>"; };
		BC7A6581265F202900C22E1C /* santaProject.app */ = {isa = PBXFileReference; explicitFileType = wrapper.application; includeInIndex = 0; path = santaProject.app; sourceTree = BUILT_PRODUCTS_DIR; };
		BC7A6584265F202900C22E1C /* AppDelegate.swift */ = {isa = PBXFileReference; lastKnownFileType = sourcecode.swift; path = AppDelegate.swift; sourceTree = "<group>"; };
		BC7A6588265F202900C22E1C /* ViewController.swift */ = {isa = PBXFileReference; lastKnownFileType = sourcecode.swift; path = ViewController.swift; sourceTree = "<group>"; };
		BC7A658B265F202900C22E1C /* Base */ = {isa = PBXFileReference; lastKnownFileType = file.storyboard; name = Base; path = Base.lproj/Main.storyboard; sourceTree = "<group>"; };
		BC7A658E265F202900C22E1C /* santaProject.xcdatamodel */ = {isa = PBXFileReference; lastKnownFileType = wrapper.xcdatamodel; path = santaProject.xcdatamodel; sourceTree = "<group>"; };
		BC7A6590265F202900C22E1C /* Assets.xcassets */ = {isa = PBXFileReference; lastKnownFileType = folder.assetcatalog; path = Assets.xcassets; sourceTree = "<group>"; };
		BC7A6593265F202900C22E1C /* Base */ = {isa = PBXFileReference; lastKnownFileType = file.storyboard; name = Base; path = Base.lproj/LaunchScreen.storyboard; sourceTree = "<group>"; };
		BC7A6595265F202900C22E1C /* Info.plist */ = {isa = PBXFileReference; lastKnownFileType = text.plist.xml; path = Info.plist; sourceTree = "<group>"; };
		CE0E190F266260C1003916E3 /* RootTabBarController.swift */ = {isa = PBXFileReference; lastKnownFileType = sourcecode.swift; path = RootTabBarController.swift; sourceTree = "<group>"; };
		CE0E191326626434003916E3 /* HomeViewController.swift */ = {isa = PBXFileReference; lastKnownFileType = sourcecode.swift; path = HomeViewController.swift; sourceTree = "<group>"; };
		CE0E1927266B3D49003916E3 /* MyListViewController.swift */ = {isa = PBXFileReference; lastKnownFileType = sourcecode.swift; path = MyListViewController.swift; sourceTree = "<group>"; };
		CE0E192E266B9248003916E3 /* MyListHeaderView.swift */ = {isa = PBXFileReference; lastKnownFileType = sourcecode.swift; path = MyListHeaderView.swift; sourceTree = "<group>"; };
		CE0E193B266BE103003916E3 /* MyListTableViewCell.swift */ = {isa = PBXFileReference; lastKnownFileType = sourcecode.swift; path = MyListTableViewCell.swift; sourceTree = "<group>"; };
		CE0E193E266BF4CE003916E3 /* UIColor+Extension.swift */ = {isa = PBXFileReference; lastKnownFileType = sourcecode.swift; path = "UIColor+Extension.swift"; sourceTree = "<group>"; };
		CE0E19452675D75C003916E3 /* MyListCollectionViewCell.swift */ = {isa = PBXFileReference; lastKnownFileType = sourcecode.swift; path = MyListCollectionViewCell.swift; sourceTree = "<group>"; };
		CE5DE71E2686DDCE009FA3E8 /* RegionTagView.swift */ = {isa = PBXFileReference; lastKnownFileType = sourcecode.swift; path = RegionTagView.swift; sourceTree = "<group>"; };
		CE5DE7202686F7E1009FA3E8 /* MountainInfoBookmarkView.swift */ = {isa = PBXFileReference; lastKnownFileType = sourcecode.swift; path = MountainInfoBookmarkView.swift; sourceTree = "<group>"; };
		CE5DE72226870ACC009FA3E8 /* VisitedFlagView.swift */ = {isa = PBXFileReference; lastKnownFileType = sourcecode.swift; path = VisitedFlagView.swift; sourceTree = "<group>"; };
		CE5DE72426871350009FA3E8 /* MountainInfoHistoryView.swift */ = {isa = PBXFileReference; lastKnownFileType = sourcecode.swift; path = MountainInfoHistoryView.swift; sourceTree = "<group>"; };
		CE880A11268888720034B0A5 /* MountainNameView.swift */ = {isa = PBXFileReference; lastKnownFileType = sourcecode.swift; path = MountainNameView.swift; sourceTree = "<group>"; };
		CE880A1626994A6C0034B0A5 /* AddHistoryViewController.swift */ = {isa = PBXFileReference; lastKnownFileType = sourcecode.swift; path = AddHistoryViewController.swift; sourceTree = "<group>"; };
		CE880A1826994CAD0034B0A5 /* AddHistoryButton.swift */ = {isa = PBXFileReference; lastKnownFileType = sourcecode.swift; path = AddHistoryButton.swift; sourceTree = "<group>"; };
		CE880A1A26995EFB0034B0A5 /* AddHistoryView.swift */ = {isa = PBXFileReference; lastKnownFileType = sourcecode.swift; path = AddHistoryView.swift; sourceTree = "<group>"; };
		CE880A1C269AD36C0034B0A5 /* MyListTableViewModel.swift */ = {isa = PBXFileReference; lastKnownFileType = sourcecode.swift; path = MyListTableViewModel.swift; sourceTree = "<group>"; };
		CE880A20269AE37E0034B0A5 /* MyListTableViewCellModel.swift */ = {isa = PBXFileReference; lastKnownFileType = sourcecode.swift; path = MyListTableViewCellModel.swift; sourceTree = "<group>"; };
		CE880A2226A099C30034B0A5 /* DatePickerViewController.swift */ = {isa = PBXFileReference; lastKnownFileType = sourcecode.swift; path = DatePickerViewController.swift; sourceTree = "<group>"; };
		CE880A2426A0A02B0034B0A5 /* DatePickerView.swift */ = {isa = PBXFileReference; lastKnownFileType = sourcecode.swift; path = DatePickerView.swift; sourceTree = "<group>"; };
		CE880A2626A1E85E0034B0A5 /* MountainPickerViewController.swift */ = {isa = PBXFileReference; lastKnownFileType = sourcecode.swift; path = MountainPickerViewController.swift; sourceTree = "<group>"; };
		CE880A2826A1E86B0034B0A5 /* MountainPickerView.swift */ = {isa = PBXFileReference; lastKnownFileType = sourcecode.swift; path = MountainPickerView.swift; sourceTree = "<group>"; };
		CECD577526AE9BF20091E66D /* HomeView.swift */ = {isa = PBXFileReference; lastKnownFileType = sourcecode.swift; path = HomeView.swift; sourceTree = "<group>"; };
		CECD577726AE9E020091E66D /* HomeViewModel.swift */ = {isa = PBXFileReference; lastKnownFileType = sourcecode.swift; path = HomeViewModel.swift; sourceTree = "<group>"; };
		CECD578C26AF8EDB0091E66D /* HomeViewTableViewCell.swift */ = {isa = PBXFileReference; lastKnownFileType = sourcecode.swift; path = HomeViewTableViewCell.swift; sourceTree = "<group>"; };
		CED529E22680E559005E05A7 /* MountainInfoBaseView.swift */ = {isa = PBXFileReference; lastKnownFileType = sourcecode.swift; path = MountainInfoBaseView.swift; sourceTree = "<group>"; };
		CEDC746626CA4F3F002EFC2C /* DetailViewController.swift */ = {isa = PBXFileReference; lastKnownFileType = sourcecode.swift; path = DetailViewController.swift; sourceTree = "<group>"; };
		CEDC746826CA6040002EFC2C /* DetailViewModel.swift */ = {isa = PBXFileReference; lastKnownFileType = sourcecode.swift; path = DetailViewModel.swift; sourceTree = "<group>"; };
		CEDC746A26CA628A002EFC2C /* DetailView.swift */ = {isa = PBXFileReference; lastKnownFileType = sourcecode.swift; path = DetailView.swift; sourceTree = "<group>"; };
		CEDC74872705F663002EFC2C /* DetailInfo.swift */ = {isa = PBXFileReference; lastKnownFileType = sourcecode.swift; path = DetailInfo.swift; sourceTree = "<group>"; };
		FE480AC32695DC71000A5D20 /* DBInterface.swift */ = {isa = PBXFileReference; fileEncoding = 4; lastKnownFileType = sourcecode.swift; path = DBInterface.swift; sourceTree = "<group>"; };
		FE480AC42695DC71000A5D20 /* RegionInfo.swift */ = {isa = PBXFileReference; fileEncoding = 4; lastKnownFileType = sourcecode.swift; path = RegionInfo.swift; sourceTree = "<group>"; };
		FE480AC52695DC71000A5D20 /* Mountain.swift */ = {isa = PBXFileReference; fileEncoding = 4; lastKnownFileType = sourcecode.swift; path = Mountain.swift; sourceTree = "<group>"; };
		FE480ACC2695DC7C000A5D20 /* location2.json */ = {isa = PBXFileReference; fileEncoding = 4; lastKnownFileType = text.json; path = location2.json; sourceTree = "<group>"; };
		FE480AD12695DC94000A5D20 /* MapViewController.swift */ = {isa = PBXFileReference; fileEncoding = 4; lastKnownFileType = sourcecode.swift; path = MapViewController.swift; sourceTree = "<group>"; };
		FE480AD22695DC94000A5D20 /* MountainView.swift */ = {isa = PBXFileReference; fileEncoding = 4; lastKnownFileType = sourcecode.swift; path = MountainView.swift; sourceTree = "<group>"; };
		FE480AD72695DC9B000A5D20 /* Date+Extension.swift */ = {isa = PBXFileReference; fileEncoding = 4; lastKnownFileType = sourcecode.swift; path = "Date+Extension.swift"; sourceTree = "<group>"; };
		FE977A5126AEF9CA007980B9 /* Santa.db */ = {isa = PBXFileReference; lastKnownFileType = file; path = Santa.db; sourceTree = "<group>"; };
/* End PBXFileReference section */

/* Begin PBXFrameworksBuildPhase section */
		BC7A657E265F202900C22E1C /* Frameworks */ = {
			isa = PBXFrameworksBuildPhase;
			buildActionMask = 2147483647;
			files = (
			);
			runOnlyForDeploymentPostprocessing = 0;
		};
/* End PBXFrameworksBuildPhase section */

/* Begin PBXGroup section */
		BC7A6578265F202800C22E1C = {
			isa = PBXGroup;
			children = (
				BC7A6583265F202900C22E1C /* santaProject */,
				BC7A6582265F202900C22E1C /* Products */,
			);
			sourceTree = "<group>";
		};
		BC7A6582265F202900C22E1C /* Products */ = {
			isa = PBXGroup;
			children = (
				BC7A6581265F202900C22E1C /* santaProject.app */,
			);
			name = Products;
			sourceTree = "<group>";
		};
		BC7A6583265F202900C22E1C /* santaProject */ = {
			isa = PBXGroup;
			children = (
				BC1066A426B114B100AF6E72 /* colorSet.swift */,
				BC10669B26B114B000AF6E72 /* extensionFile.swift */,
				BC10669D26B114B000AF6E72 /* mapkitViewController.swift */,
				BC10669F26B114B000AF6E72 /* regionCell.swift */,
				BC10669A26B114B000AF6E72 /* regionData.swift */,
				BC1066A326B114B100AF6E72 /* regionTableCell.swift */,
				BC10669C26B114B000AF6E72 /* regionViewController.swift */,
				BC10669E26B114B000AF6E72 /* searchBarData.swift */,
				BC1066A026B114B100AF6E72 /* searchBarViewController.swift */,
				BC1066A126B114B100AF6E72 /* searchCell.swift */,
				BC1066A226B114B100AF6E72 /* selectRegionVC.swift */,
				FE480AC12695DC52000A5D20 /* YBR */,
				CED529E12680E53E005E05A7 /* Common */,
				BC7A6584265F202900C22E1C /* AppDelegate.swift */,
				BC7A6588265F202900C22E1C /* ViewController.swift */,
				CE0E190F266260C1003916E3 /* RootTabBarController.swift */,
				CEDC746526CA4F23002EFC2C /* Detail */,
				CECD577426AE9BB00091E66D /* Home */,
				CE0E1936266BDF80003916E3 /* MyList */,
				CE880A1526994A480034B0A5 /* AddHistory */,
				BC7A658A265F202900C22E1C /* Main.storyboard */,
				BC7A6590265F202900C22E1C /* Assets.xcassets */,
				CE0E193E266BF4CE003916E3 /* UIColor+Extension.swift */,
				BC7A6592265F202900C22E1C /* LaunchScreen.storyboard */,
				BC7A6595265F202900C22E1C /* Info.plist */,
				BC7A658D265F202900C22E1C /* santaProject.xcdatamodeld */,
			);
			path = santaProject;
			sourceTree = "<group>";
		};
		CE0E1936266BDF80003916E3 /* MyList */ = {
			isa = PBXGroup;
			children = (
				CE0E1927266B3D49003916E3 /* MyListViewController.swift */,
				CE0E19452675D75C003916E3 /* MyListCollectionViewCell.swift */,
				CE0E192E266B9248003916E3 /* MyListHeaderView.swift */,
				CE0E193B266BE103003916E3 /* MyListTableViewCell.swift */,
				CE880A1826994CAD0034B0A5 /* AddHistoryButton.swift */,
				CE880A1C269AD36C0034B0A5 /* MyListTableViewModel.swift */,
				CE880A20269AE37E0034B0A5 /* MyListTableViewCellModel.swift */,
			);
			path = MyList;
			sourceTree = "<group>";
		};
		CE880A1526994A480034B0A5 /* AddHistory */ = {
			isa = PBXGroup;
			children = (
				CE880A1626994A6C0034B0A5 /* AddHistoryViewController.swift */,
				CE880A1A26995EFB0034B0A5 /* AddHistoryView.swift */,
				CE880A2226A099C30034B0A5 /* DatePickerViewController.swift */,
				CE880A2426A0A02B0034B0A5 /* DatePickerView.swift */,
				CE880A2626A1E85E0034B0A5 /* MountainPickerViewController.swift */,
				CE880A2826A1E86B0034B0A5 /* MountainPickerView.swift */,
			);
			path = AddHistory;
			sourceTree = "<group>";
		};
		CECD577426AE9BB00091E66D /* Home */ = {
			isa = PBXGroup;
			children = (
				CE0E191326626434003916E3 /* HomeViewController.swift */,
				CECD577726AE9E020091E66D /* HomeViewModel.swift */,
				CECD577526AE9BF20091E66D /* HomeView.swift */,
				CECD578C26AF8EDB0091E66D /* HomeViewTableViewCell.swift */,
			);
			path = Home;
			sourceTree = "<group>";
		};
		CED529E12680E53E005E05A7 /* Common */ = {
			isa = PBXGroup;
			children = (
				CED529E22680E559005E05A7 /* MountainInfoBaseView.swift */,
				CE5DE7202686F7E1009FA3E8 /* MountainInfoBookmarkView.swift */,
				CE5DE72426871350009FA3E8 /* MountainInfoHistoryView.swift */,
				CE880A11268888720034B0A5 /* MountainNameView.swift */,
				CE5DE72226870ACC009FA3E8 /* VisitedFlagView.swift */,
				CE5DE71E2686DDCE009FA3E8 /* RegionTagView.swift */,
			);
			path = Common;
			sourceTree = "<group>";
		};
		CEDC746526CA4F23002EFC2C /* Detail */ = {
			isa = PBXGroup;
			children = (
				CEDC746626CA4F3F002EFC2C /* DetailViewController.swift */,
				CEDC746826CA6040002EFC2C /* DetailViewModel.swift */,
				CEDC746A26CA628A002EFC2C /* DetailView.swift */,
				CEDC74872705F663002EFC2C /* DetailInfo.swift */,
			);
			path = Detail;
			sourceTree = "<group>";
		};
		FE480AC12695DC52000A5D20 /* YBR */ = {
			isa = PBXGroup;
			children = (
				FE480AD62695DC9B000A5D20 /* Util */,
				FE480AD02695DC94000A5D20 /* View */,
				FE480AC22695DC71000A5D20 /* Class */,
				FE480ACA2695DC7C000A5D20 /* Resource */,
			);
			path = YBR;
			sourceTree = "<group>";
		};
		FE480AC22695DC71000A5D20 /* Class */ = {
			isa = PBXGroup;
			children = (
				FE480AC32695DC71000A5D20 /* DBInterface.swift */,
				FE480AC42695DC71000A5D20 /* RegionInfo.swift */,
				FE480AC52695DC71000A5D20 /* Mountain.swift */,
			);
			path = Class;
			sourceTree = "<group>";
		};
		FE480ACA2695DC7C000A5D20 /* Resource */ = {
			isa = PBXGroup;
			children = (
				FE977A5126AEF9CA007980B9 /* Santa.db */,
				FE480ACC2695DC7C000A5D20 /* location2.json */,
			);
			path = Resource;
			sourceTree = "<group>";
		};
		FE480AD02695DC94000A5D20 /* View */ = {
			isa = PBXGroup;
			children = (
				FE480AD12695DC94000A5D20 /* MapViewController.swift */,
				FE480AD22695DC94000A5D20 /* MountainView.swift */,
			);
			path = View;
			sourceTree = "<group>";
		};
		FE480AD62695DC9B000A5D20 /* Util */ = {
			isa = PBXGroup;
			children = (
				FE480AD72695DC9B000A5D20 /* Date+Extension.swift */,
			);
			path = Util;
			sourceTree = "<group>";
		};
/* End PBXGroup section */

/* Begin PBXNativeTarget section */
		BC7A6580265F202900C22E1C /* santaProject */ = {
			isa = PBXNativeTarget;
			buildConfigurationList = BC7A6598265F202900C22E1C /* Build configuration list for PBXNativeTarget "santaProject" */;
			buildPhases = (
				BC7A657D265F202900C22E1C /* Sources */,
				BC7A657E265F202900C22E1C /* Frameworks */,
				BC7A657F265F202900C22E1C /* Resources */,
			);
			buildRules = (
			);
			dependencies = (
			);
			name = santaProject;
			productName = santaProject;
			productReference = BC7A6581265F202900C22E1C /* santaProject.app */;
			productType = "com.apple.product-type.application";
		};
/* End PBXNativeTarget section */

/* Begin PBXProject section */
		BC7A6579265F202900C22E1C /* Project object */ = {
			isa = PBXProject;
			attributes = {
				LastSwiftUpdateCheck = 1250;
				LastUpgradeCheck = 1250;
				TargetAttributes = {
					BC7A6580265F202900C22E1C = {
						CreatedOnToolsVersion = 12.5;
					};
				};
			};
			buildConfigurationList = BC7A657C265F202900C22E1C /* Build configuration list for PBXProject "santaProject" */;
			compatibilityVersion = "Xcode 9.3";
			developmentRegion = en;
			hasScannedForEncodings = 0;
			knownRegions = (
				en,
				Base,
			);
			mainGroup = BC7A6578265F202800C22E1C;
			productRefGroup = BC7A6582265F202900C22E1C /* Products */;
			projectDirPath = "";
			projectRoot = "";
			targets = (
				BC7A6580265F202900C22E1C /* santaProject */,
			);
		};
/* End PBXProject section */

/* Begin PBXResourcesBuildPhase section */
		BC7A657F265F202900C22E1C /* Resources */ = {
			isa = PBXResourcesBuildPhase;
			buildActionMask = 2147483647;
			files = (
				FE977A5226AEF9CA007980B9 /* Santa.db in Resources */,
				BC7A6594265F202900C22E1C /* LaunchScreen.storyboard in Resources */,
				BC7A6591265F202900C22E1C /* Assets.xcassets in Resources */,
				FE480ACE2695DC7C000A5D20 /* location2.json in Resources */,
				BC7A658C265F202900C22E1C /* Main.storyboard in Resources */,
			);
			runOnlyForDeploymentPostprocessing = 0;
		};
/* End PBXResourcesBuildPhase section */

/* Begin PBXSourcesBuildPhase section */
		BC7A657D265F202900C22E1C /* Sources */ = {
			isa = PBXSourcesBuildPhase;
			buildActionMask = 2147483647;
			files = (
				CEDC74882705F663002EFC2C /* DetailInfo.swift in Sources */,
				CE880A1926994CAD0034B0A5 /* AddHistoryButton.swift in Sources */,
				BC1066AD26B114B100AF6E72 /* selectRegionVC.swift in Sources */,
				CECD577826AE9E020091E66D /* HomeViewModel.swift in Sources */,
				CE880A1D269AD36C0034B0A5 /* MyListTableViewModel.swift in Sources */,
				BC1066AB26B114B100AF6E72 /* searchBarViewController.swift in Sources */,
				CE880A2526A0A02B0034B0A5 /* DatePickerView.swift in Sources */,
				CE880A2926A1E86B0034B0A5 /* MountainPickerView.swift in Sources */,
				CE880A21269AE37E0034B0A5 /* MyListTableViewCellModel.swift in Sources */,
				CE0E191426626434003916E3 /* HomeViewController.swift in Sources */,
				FE480AD82695DC9B000A5D20 /* Date+Extension.swift in Sources */,
				CE0E1928266B3D49003916E3 /* MyListViewController.swift in Sources */,
				CE0E19462675D75C003916E3 /* MyListCollectionViewCell.swift in Sources */,
				FE480AD32695DC94000A5D20 /* MapViewController.swift in Sources */,
				FE480AC62695DC71000A5D20 /* DBInterface.swift in Sources */,
				CE5DE72326870ACC009FA3E8 /* VisitedFlagView.swift in Sources */,
				CEDC746926CA6040002EFC2C /* DetailViewModel.swift in Sources */,
				CE0E193F266BF4CE003916E3 /* UIColor+Extension.swift in Sources */,
				CE0E193C266BE103003916E3 /* MyListTableViewCell.swift in Sources */,
				CECD578D26AF8EDB0091E66D /* HomeViewTableViewCell.swift in Sources */,
				CE880A12268888720034B0A5 /* MountainNameView.swift in Sources */,
				BC1066A926B114B100AF6E72 /* searchBarData.swift in Sources */,
				BC7A6589265F202900C22E1C /* ViewController.swift in Sources */,
				CE0E1910266260C1003916E3 /* RootTabBarController.swift in Sources */,
				FE480AD42695DC94000A5D20 /* MountainView.swift in Sources */,
				BC1066A526B114B100AF6E72 /* regionData.swift in Sources */,
				CEDC746B26CA628A002EFC2C /* DetailView.swift in Sources */,
				CE880A2326A099C30034B0A5 /* DatePickerViewController.swift in Sources */,
				CEDC746726CA4F3F002EFC2C /* DetailViewController.swift in Sources */,
				BC1066AA26B114B100AF6E72 /* regionCell.swift in Sources */,
				CED529E32680E559005E05A7 /* MountainInfoBaseView.swift in Sources */,
				CE880A1726994A6C0034B0A5 /* AddHistoryViewController.swift in Sources */,
				CE880A1B26995EFB0034B0A5 /* AddHistoryView.swift in Sources */,
				CE880A2726A1E85E0034B0A5 /* MountainPickerViewController.swift in Sources */,
				FE480AC72695DC71000A5D20 /* RegionInfo.swift in Sources */,
				BC7A6585265F202900C22E1C /* AppDelegate.swift in Sources */,
				CE5DE7212686F7E1009FA3E8 /* MountainInfoBookmarkView.swift in Sources */,
				FE480AC82695DC71000A5D20 /* Mountain.swift in Sources */,
				BC1066A726B114B100AF6E72 /* regionViewController.swift in Sources */,
				CE0E192F266B9248003916E3 /* MyListHeaderView.swift in Sources */,
				BC1066AC26B114B100AF6E72 /* searchCell.swift in Sources */,
				CE5DE72526871350009FA3E8 /* MountainInfoHistoryView.swift in Sources */,
				CE5DE71F2686DDCE009FA3E8 /* RegionTagView.swift in Sources */,
				BC1066AF26B114B100AF6E72 /* colorSet.swift in Sources */,
				BC7A658F265F202900C22E1C /* santaProject.xcdatamodeld in Sources */,
				BC1066AE26B114B100AF6E72 /* regionTableCell.swift in Sources */,
				CECD577626AE9BF20091E66D /* HomeView.swift in Sources */,
				BC1066A826B114B100AF6E72 /* mapkitViewController.swift in Sources */,
				BC1066A626B114B100AF6E72 /* extensionFile.swift in Sources */,
			);
			runOnlyForDeploymentPostprocessing = 0;
		};
/* End PBXSourcesBuildPhase section */

/* Begin PBXVariantGroup section */
		BC7A658A265F202900C22E1C /* Main.storyboard */ = {
			isa = PBXVariantGroup;
			children = (
				BC7A658B265F202900C22E1C /* Base */,
			);
			name = Main.storyboard;
			sourceTree = "<group>";
		};
		BC7A6592265F202900C22E1C /* LaunchScreen.storyboard */ = {
			isa = PBXVariantGroup;
			children = (
				BC7A6593265F202900C22E1C /* Base */,
			);
			name = LaunchScreen.storyboard;
			sourceTree = "<group>";
		};
/* End PBXVariantGroup section */

/* Begin XCBuildConfiguration section */
		BC7A6596265F202900C22E1C /* Debug */ = {
			isa = XCBuildConfiguration;
			buildSettings = {
				ALWAYS_SEARCH_USER_PATHS = NO;
				CLANG_ANALYZER_NONNULL = YES;
				CLANG_ANALYZER_NUMBER_OBJECT_CONVERSION = YES_AGGRESSIVE;
				CLANG_CXX_LANGUAGE_STANDARD = "gnu++14";
				CLANG_CXX_LIBRARY = "libc++";
				CLANG_ENABLE_MODULES = YES;
				CLANG_ENABLE_OBJC_ARC = YES;
				CLANG_ENABLE_OBJC_WEAK = YES;
				CLANG_WARN_BLOCK_CAPTURE_AUTORELEASING = YES;
				CLANG_WARN_BOOL_CONVERSION = YES;
				CLANG_WARN_COMMA = YES;
				CLANG_WARN_CONSTANT_CONVERSION = YES;
				CLANG_WARN_DEPRECATED_OBJC_IMPLEMENTATIONS = YES;
				CLANG_WARN_DIRECT_OBJC_ISA_USAGE = YES_ERROR;
				CLANG_WARN_DOCUMENTATION_COMMENTS = YES;
				CLANG_WARN_EMPTY_BODY = YES;
				CLANG_WARN_ENUM_CONVERSION = YES;
				CLANG_WARN_INFINITE_RECURSION = YES;
				CLANG_WARN_INT_CONVERSION = YES;
				CLANG_WARN_NON_LITERAL_NULL_CONVERSION = YES;
				CLANG_WARN_OBJC_IMPLICIT_RETAIN_SELF = YES;
				CLANG_WARN_OBJC_LITERAL_CONVERSION = YES;
				CLANG_WARN_OBJC_ROOT_CLASS = YES_ERROR;
				CLANG_WARN_QUOTED_INCLUDE_IN_FRAMEWORK_HEADER = YES;
				CLANG_WARN_RANGE_LOOP_ANALYSIS = YES;
				CLANG_WARN_STRICT_PROTOTYPES = YES;
				CLANG_WARN_SUSPICIOUS_MOVE = YES;
				CLANG_WARN_UNGUARDED_AVAILABILITY = YES_AGGRESSIVE;
				CLANG_WARN_UNREACHABLE_CODE = YES;
				CLANG_WARN__DUPLICATE_METHOD_MATCH = YES;
				COPY_PHASE_STRIP = NO;
				DEBUG_INFORMATION_FORMAT = dwarf;
				ENABLE_STRICT_OBJC_MSGSEND = YES;
				ENABLE_TESTABILITY = YES;
				GCC_C_LANGUAGE_STANDARD = gnu11;
				GCC_DYNAMIC_NO_PIC = NO;
				GCC_NO_COMMON_BLOCKS = YES;
				GCC_OPTIMIZATION_LEVEL = 0;
				GCC_PREPROCESSOR_DEFINITIONS = (
					"DEBUG=1",
					"$(inherited)",
				);
				GCC_WARN_64_TO_32_BIT_CONVERSION = YES;
				GCC_WARN_ABOUT_RETURN_TYPE = YES_ERROR;
				GCC_WARN_UNDECLARED_SELECTOR = YES;
				GCC_WARN_UNINITIALIZED_AUTOS = YES_AGGRESSIVE;
				GCC_WARN_UNUSED_FUNCTION = YES;
				GCC_WARN_UNUSED_VARIABLE = YES;
				IPHONEOS_DEPLOYMENT_TARGET = 12.1;
				MTL_ENABLE_DEBUG_INFO = INCLUDE_SOURCE;
				MTL_FAST_MATH = YES;
				ONLY_ACTIVE_ARCH = YES;
				SDKROOT = iphoneos;
				SWIFT_ACTIVE_COMPILATION_CONDITIONS = DEBUG;
				SWIFT_OPTIMIZATION_LEVEL = "-Onone";
			};
			name = Debug;
		};
		BC7A6597265F202900C22E1C /* Release */ = {
			isa = XCBuildConfiguration;
			buildSettings = {
				ALWAYS_SEARCH_USER_PATHS = NO;
				CLANG_ANALYZER_NONNULL = YES;
				CLANG_ANALYZER_NUMBER_OBJECT_CONVERSION = YES_AGGRESSIVE;
				CLANG_CXX_LANGUAGE_STANDARD = "gnu++14";
				CLANG_CXX_LIBRARY = "libc++";
				CLANG_ENABLE_MODULES = YES;
				CLANG_ENABLE_OBJC_ARC = YES;
				CLANG_ENABLE_OBJC_WEAK = YES;
				CLANG_WARN_BLOCK_CAPTURE_AUTORELEASING = YES;
				CLANG_WARN_BOOL_CONVERSION = YES;
				CLANG_WARN_COMMA = YES;
				CLANG_WARN_CONSTANT_CONVERSION = YES;
				CLANG_WARN_DEPRECATED_OBJC_IMPLEMENTATIONS = YES;
				CLANG_WARN_DIRECT_OBJC_ISA_USAGE = YES_ERROR;
				CLANG_WARN_DOCUMENTATION_COMMENTS = YES;
				CLANG_WARN_EMPTY_BODY = YES;
				CLANG_WARN_ENUM_CONVERSION = YES;
				CLANG_WARN_INFINITE_RECURSION = YES;
				CLANG_WARN_INT_CONVERSION = YES;
				CLANG_WARN_NON_LITERAL_NULL_CONVERSION = YES;
				CLANG_WARN_OBJC_IMPLICIT_RETAIN_SELF = YES;
				CLANG_WARN_OBJC_LITERAL_CONVERSION = YES;
				CLANG_WARN_OBJC_ROOT_CLASS = YES_ERROR;
				CLANG_WARN_QUOTED_INCLUDE_IN_FRAMEWORK_HEADER = YES;
				CLANG_WARN_RANGE_LOOP_ANALYSIS = YES;
				CLANG_WARN_STRICT_PROTOTYPES = YES;
				CLANG_WARN_SUSPICIOUS_MOVE = YES;
				CLANG_WARN_UNGUARDED_AVAILABILITY = YES_AGGRESSIVE;
				CLANG_WARN_UNREACHABLE_CODE = YES;
				CLANG_WARN__DUPLICATE_METHOD_MATCH = YES;
				COPY_PHASE_STRIP = NO;
				DEBUG_INFORMATION_FORMAT = "dwarf-with-dsym";
				ENABLE_NS_ASSERTIONS = NO;
				ENABLE_STRICT_OBJC_MSGSEND = YES;
				GCC_C_LANGUAGE_STANDARD = gnu11;
				GCC_NO_COMMON_BLOCKS = YES;
				GCC_WARN_64_TO_32_BIT_CONVERSION = YES;
				GCC_WARN_ABOUT_RETURN_TYPE = YES_ERROR;
				GCC_WARN_UNDECLARED_SELECTOR = YES;
				GCC_WARN_UNINITIALIZED_AUTOS = YES_AGGRESSIVE;
				GCC_WARN_UNUSED_FUNCTION = YES;
				GCC_WARN_UNUSED_VARIABLE = YES;
				IPHONEOS_DEPLOYMENT_TARGET = 12.1;
				MTL_ENABLE_DEBUG_INFO = NO;
				MTL_FAST_MATH = YES;
				SDKROOT = iphoneos;
				SWIFT_COMPILATION_MODE = wholemodule;
				SWIFT_OPTIMIZATION_LEVEL = "-O";
				VALIDATE_PRODUCT = YES;
			};
			name = Release;
		};
		BC7A6599265F202900C22E1C /* Debug */ = {
			isa = XCBuildConfiguration;
			buildSettings = {
				ASSETCATALOG_COMPILER_APPICON_NAME = AppIcon;
				ASSETCATALOG_COMPILER_GLOBAL_ACCENT_COLOR_NAME = AccentColor;
				CODE_SIGN_STYLE = Automatic;
				INFOPLIST_FILE = santaProject/Info.plist;
				LD_RUNPATH_SEARCH_PATHS = (
					"$(inherited)",
					"@executable_path/Frameworks",
				);
				PRODUCT_BUNDLE_IDENTIFIER = byeong.santaProject;
				PRODUCT_NAME = "$(TARGET_NAME)";
				SWIFT_VERSION = 5.0;
				TARGETED_DEVICE_FAMILY = "1,2";
			};
			name = Debug;
		};
		BC7A659A265F202900C22E1C /* Release */ = {
			isa = XCBuildConfiguration;
			buildSettings = {
				ASSETCATALOG_COMPILER_APPICON_NAME = AppIcon;
				ASSETCATALOG_COMPILER_GLOBAL_ACCENT_COLOR_NAME = AccentColor;
				CODE_SIGN_STYLE = Automatic;
				INFOPLIST_FILE = santaProject/Info.plist;
				LD_RUNPATH_SEARCH_PATHS = (
					"$(inherited)",
					"@executable_path/Frameworks",
				);
				PRODUCT_BUNDLE_IDENTIFIER = byeong.santaProject;
				PRODUCT_NAME = "$(TARGET_NAME)";
				SWIFT_VERSION = 5.0;
				TARGETED_DEVICE_FAMILY = "1,2";
			};
			name = Release;
		};
/* End XCBuildConfiguration section */

/* Begin XCConfigurationList section */
		BC7A657C265F202900C22E1C /* Build configuration list for PBXProject "santaProject" */ = {
			isa = XCConfigurationList;
			buildConfigurations = (
				BC7A6596265F202900C22E1C /* Debug */,
				BC7A6597265F202900C22E1C /* Release */,
			);
			defaultConfigurationIsVisible = 0;
			defaultConfigurationName = Release;
		};
		BC7A6598265F202900C22E1C /* Build configuration list for PBXNativeTarget "santaProject" */ = {
			isa = XCConfigurationList;
			buildConfigurations = (
				BC7A6599265F202900C22E1C /* Debug */,
				BC7A659A265F202900C22E1C /* Release */,
			);
			defaultConfigurationIsVisible = 0;
			defaultConfigurationName = Release;
		};
/* End XCConfigurationList section */

/* Begin XCVersionGroup section */
		BC7A658D265F202900C22E1C /* santaProject.xcdatamodeld */ = {
			isa = XCVersionGroup;
			children = (
				BC7A658E265F202900C22E1C /* santaProject.xcdatamodel */,
			);
			currentVersion = BC7A658E265F202900C22E1C /* santaProject.xcdatamodel */;
			path = santaProject.xcdatamodeld;
			sourceTree = "<group>";
			versionGroupType = wrapper.xcdatamodel;
		};
/* End XCVersionGroup section */
	};
	rootObject = BC7A6579265F202900C22E1C /* Project object */;
}
